// !$*UTF8*$!
{
	archiveVersion = 1;
	classes = {
	};
	objectVersion = 50;
	objects = {

/* Begin PBXBuildFile section */
		0742938B21E87FDD00D9D0EE /* OtherUsageController.m in Sources */ = {isa = PBXBuildFile; fileRef = 0742938A21E87FDD00D9D0EE /* OtherUsageController.m */; };
		07A414F521E9FBC400090652 /* UserCenter.m in Sources */ = {isa = PBXBuildFile; fileRef = 07A414F421E9FBC400090652 /* UserCenter.m */; };
		07D5C04521E721A2009EB1B1 /* AppDelegate.m in Sources */ = {isa = PBXBuildFile; fileRef = 07D5C04421E721A2009EB1B1 /* AppDelegate.m */; };
		07D5C04821E721A2009EB1B1 /* ViewController.m in Sources */ = {isa = PBXBuildFile; fileRef = 07D5C04721E721A2009EB1B1 /* ViewController.m */; };
		07D5C04B21E721A2009EB1B1 /* Main.storyboard in Resources */ = {isa = PBXBuildFile; fileRef = 07D5C04921E721A2009EB1B1 /* Main.storyboard */; };
		07D5C04D21E721A3009EB1B1 /* Assets.xcassets in Resources */ = {isa = PBXBuildFile; fileRef = 07D5C04C21E721A3009EB1B1 /* Assets.xcassets */; };
		07D5C05021E721A3009EB1B1 /* LaunchScreen.storyboard in Resources */ = {isa = PBXBuildFile; fileRef = 07D5C04E21E721A3009EB1B1 /* LaunchScreen.storyboard */; };
		07D5C05321E721A3009EB1B1 /* main.m in Sources */ = {isa = PBXBuildFile; fileRef = 07D5C05221E721A3009EB1B1 /* main.m */; };
/* End PBXBuildFile section */

/* Begin PBXFileReference section */
		0742938921E87FDD00D9D0EE /* OtherUsageController.h */ = {isa = PBXFileReference; lastKnownFileType = sourcecode.c.h; path = OtherUsageController.h; sourceTree = "<group>"; };
		0742938A21E87FDD00D9D0EE /* OtherUsageController.m */ = {isa = PBXFileReference; lastKnownFileType = sourcecode.c.objc; path = OtherUsageController.m; sourceTree = "<group>"; };
		07A414F321E9FBC400090652 /* UserCenter.h */ = {isa = PBXFileReference; lastKnownFileType = sourcecode.c.h; path = UserCenter.h; sourceTree = "<group>"; };
		07A414F421E9FBC400090652 /* UserCenter.m */ = {isa = PBXFileReference; lastKnownFileType = sourcecode.c.objc; path = UserCenter.m; sourceTree = "<group>"; };
		07D5C04021E721A2009EB1B1 /* gcdDemo.app */ = {isa = PBXFileReference; explicitFileType = wrapper.application; includeInIndex = 0; path = gcdDemo.app; sourceTree = BUILT_PRODUCTS_DIR; };
		07D5C04321E721A2009EB1B1 /* AppDelegate.h */ = {isa = PBXFileReference; lastKnownFileType = sourcecode.c.h; path = AppDelegate.h; sourceTree = "<group>"; };
		07D5C04421E721A2009EB1B1 /* AppDelegate.m */ = {isa = PBXFileReference; lastKnownFileType = sourcecode.c.objc; path = AppDelegate.m; sourceTree = "<group>"; };
		07D5C04621E721A2009EB1B1 /* ViewController.h */ = {isa = PBXFileReference; lastKnownFileType = sourcecode.c.h; path = ViewController.h; sourceTree = "<group>"; };
		07D5C04721E721A2009EB1B1 /* ViewController.m */ = {isa = PBXFileReference; lastKnownFileType = sourcecode.c.objc; path = ViewController.m; sourceTree = "<group>"; };
		07D5C04A21E721A2009EB1B1 /* Base */ = {isa = PBXFileReference; lastKnownFileType = file.storyboard; name = Base; path = Base.lproj/Main.storyboard; sourceTree = "<group>"; };
		07D5C04C21E721A3009EB1B1 /* Assets.xcassets */ = {isa = PBXFileReference; lastKnownFileType = folder.assetcatalog; path = Assets.xcassets; sourceTree = "<group>"; };
		07D5C04F21E721A3009EB1B1 /* Base */ = {isa = PBXFileReference; lastKnownFileType = file.storyboard; name = Base; path = Base.lproj/LaunchScreen.storyboard; sourceTree = "<group>"; };
		07D5C05121E721A3009EB1B1 /* Info.plist */ = {isa = PBXFileReference; lastKnownFileType = text.plist.xml; path = Info.plist; sourceTree = "<group>"; };
		07D5C05221E721A3009EB1B1 /* main.m */ = {isa = PBXFileReference; lastKnownFileType = sourcecode.c.objc; path = main.m; sourceTree = "<group>"; };
/* End PBXFileReference section */

/* Begin PBXFrameworksBuildPhase section */
		07D5C03D21E721A2009EB1B1 /* Frameworks */ = {
			isa = PBXFrameworksBuildPhase;
			buildActionMask = 2147483647;
			files = (
			);
			runOnlyForDeploymentPostprocessing = 0;
		};
/* End PBXFrameworksBuildPhase section */

/* Begin PBXGroup section */
		07D5C03721E721A2009EB1B1 = {
			isa = PBXGroup;
			children = (
				07D5C04221E721A2009EB1B1 /* gcdDemo */,
				07D5C04121E721A2009EB1B1 /* Products */,
			);
			sourceTree = "<group>";
		};
		07D5C04121E721A2009EB1B1 /* Products */ = {
			isa = PBXGroup;
			children = (
				07D5C04021E721A2009EB1B1 /* gcdDemo.app */,
			);
			name = Products;
			sourceTree = "<group>";
		};
		07D5C04221E721A2009EB1B1 /* gcdDemo */ = {
			isa = PBXGroup;
			children = (
				07D5C04321E721A2009EB1B1 /* AppDelegate.h */,
				07D5C04421E721A2009EB1B1 /* AppDelegate.m */,
				07D5C04621E721A2009EB1B1 /* ViewController.h */,
				07D5C04721E721A2009EB1B1 /* ViewController.m */,
				0742938921E87FDD00D9D0EE /* OtherUsageController.h */,
				0742938A21E87FDD00D9D0EE /* OtherUsageController.m */,
				07A414F321E9FBC400090652 /* UserCenter.h */,
				07A414F421E9FBC400090652 /* UserCenter.m */,
				07D5C04921E721A2009EB1B1 /* Main.storyboard */,
				07D5C04C21E721A3009EB1B1 /* Assets.xcassets */,
				07D5C04E21E721A3009EB1B1 /* LaunchScreen.storyboard */,
				07D5C05121E721A3009EB1B1 /* Info.plist */,
				07D5C05221E721A3009EB1B1 /* main.m */,
			);
			path = gcdDemo;
			sourceTree = "<group>";
		};
/* End PBXGroup section */

/* Begin PBXNativeTarget section */
		07D5C03F21E721A2009EB1B1 /* gcdDemo */ = {
			isa = PBXNativeTarget;
			buildConfigurationList = 07D5C05621E721A3009EB1B1 /* Build configuration list for PBXNativeTarget "gcdDemo" */;
			buildPhases = (
				07D5C03C21E721A2009EB1B1 /* Sources */,
				07D5C03D21E721A2009EB1B1 /* Frameworks */,
				07D5C03E21E721A2009EB1B1 /* Resources */,
			);
			buildRules = (
			);
			dependencies = (
			);
			name = gcdDemo;
			productName = gcdDemo;
			productReference = 07D5C04021E721A2009EB1B1 /* gcdDemo.app */;
			productType = "com.apple.product-type.application";
		};
/* End PBXNativeTarget section */

/* Begin PBXProject section */
		07D5C03821E721A2009EB1B1 /* Project object */ = {
			isa = PBXProject;
			attributes = {
				LastUpgradeCheck = 1010;
				ORGANIZATIONNAME = teilt;
				TargetAttributes = {
					07D5C03F21E721A2009EB1B1 = {
						CreatedOnToolsVersion = 10.1;
					};
				};
			};
			buildConfigurationList = 07D5C03B21E721A2009EB1B1 /* Build configuration list for PBXProject "gcdDemo" */;
			compatibilityVersion = "Xcode 9.3";
			developmentRegion = en;
			hasScannedForEncodings = 0;
			knownRegions = (
				en,
				Base,
			);
			mainGroup = 07D5C03721E721A2009EB1B1;
			productRefGroup = 07D5C04121E721A2009EB1B1 /* Products */;
			projectDirPath = "";
			projectRoot = "";
			targets = (
				07D5C03F21E721A2009EB1B1 /* gcdDemo */,
			);
		};
/* End PBXProject section */

/* Begin PBXResourcesBuildPhase section */
		07D5C03E21E721A2009EB1B1 /* Resources */ = {
			isa = PBXResourcesBuildPhase;
			buildActionMask = 2147483647;
			files = (
				07D5C05021E721A3009EB1B1 /* LaunchScreen.storyboard in Resources */,
				07D5C04D21E721A3009EB1B1 /* Assets.xcassets in Resources */,
				07D5C04B21E721A2009EB1B1 /* Main.storyboard in Resources */,
			);
			runOnlyForDeploymentPostprocessing = 0;
		};
/* End PBXResourcesBuildPhase section */

/* Begin PBXSourcesBuildPhase section */
		07D5C03C21E721A2009EB1B1 /* Sources */ = {
			isa = PBXSourcesBuildPhase;
			buildActionMask = 2147483647;
			files = (
				0742938B21E87FDD00D9D0EE /* OtherUsageController.m in Sources */,
				07D5C04821E721A2009EB1B1 /* ViewController.m in Sources */,
				07A414F521E9FBC400090652 /* UserCenter.m in Sources */,
				07D5C05321E721A3009EB1B1 /* main.m in Sources */,
				07D5C04521E721A2009EB1B1 /* AppDelegate.m in Sources */,
			);
			runOnlyForDeploymentPostprocessing = 0;
		};
/* End PBXSourcesBuildPhase section */

/* Begin PBXVariantGroup section */
		07D5C04921E721A2009EB1B1 /* Main.storyboard */ = {
			isa = PBXVariantGroup;
			children = (
				07D5C04A21E721A2009EB1B1 /* Base */,
			);
			name = Main.storyboard;
			sourceTree = "<group>";
		};
		07D5C04E21E721A3009EB1B1 /* LaunchScreen.storyboard */ = {
			isa = PBXVariantGroup;
			children = (
				07D5C04F21E721A3009EB1B1 /* Base */,
			);
			name = LaunchScreen.storyboard;
			sourceTree = "<group>";
		};
/* End PBXVariantGroup section */

/* Begin XCBuildConfiguration section */
		07D5C05421E721A3009EB1B1 /* Debug */ = {
			isa = XCBuildConfiguration;
			buildSettings = {
				ALWAYS_SEARCH_USER_PATHS = NO;
				CLANG_ANALYZER_NONNULL = YES;
				CLANG_ANALYZER_NUMBER_OBJECT_CONVERSION = YES_AGGRESSIVE;
				CLANG_CXX_LANGUAGE_STANDARD = "gnu++14";
				CLANG_CXX_LIBRARY = "libc++";
				CLANG_ENABLE_MODULES = YES;
				CLANG_ENABLE_OBJC_ARC = YES;
				CLANG_ENABLE_OBJC_WEAK = YES;
				CLANG_WARN_BLOCK_CAPTURE_AUTORELEASING = YES;
				CLANG_WARN_BOOL_CONVERSION = YES;
				CLANG_WARN_COMMA = YES;
				CLANG_WARN_CONSTANT_CONVERSION = YES;
				CLANG_WARN_DEPRECATED_OBJC_IMPLEMENTATIONS = YES;
				CLANG_WARN_DIRECT_OBJC_ISA_USAGE = YES_ERROR;
				CLANG_WARN_DOCUMENTATION_COMMENTS = YES;
				CLANG_WARN_EMPTY_BODY = YES;
				CLANG_WARN_ENUM_CONVERSION = YES;
				CLANG_WARN_INFINITE_RECURSION = YES;
				CLANG_WARN_INT_CONVERSION = YES;
				CLANG_WARN_NON_LITERAL_NULL_CONVERSION = YES;
				CLANG_WARN_OBJC_IMPLICIT_RETAIN_SELF = YES;
				CLANG_WARN_OBJC_LITERAL_CONVERSION = YES;
				CLANG_WARN_OBJC_ROOT_CLASS = YES_ERROR;
				CLANG_WARN_RANGE_LOOP_ANALYSIS = YES;
				CLANG_WARN_STRICT_PROTOTYPES = YES;
				CLANG_WARN_SUSPICIOUS_MOVE = YES;
				CLANG_WARN_UNGUARDED_AVAILABILITY = YES_AGGRESSIVE;
				CLANG_WARN_UNREACHABLE_CODE = YES;
				CLANG_WARN__DUPLICATE_METHOD_MATCH = YES;
				CODE_SIGN_IDENTITY = "iPhone Developer";
				COPY_PHASE_STRIP = NO;
				DEBUG_INFORMATION_FORMAT = dwarf;
				ENABLE_STRICT_OBJC_MSGSEND = YES;
				ENABLE_TESTABILITY = YES;
				GCC_C_LANGUAGE_STANDARD = gnu11;
				GCC_DYNAMIC_NO_PIC = NO;
				GCC_NO_COMMON_BLOCKS = YES;
				GCC_OPTIMIZATION_LEVEL = 0;
				GCC_PREPROCESSOR_DEFINITIONS = (
					"DEBUG=1",
					"$(inherited)",
				);
				GCC_WARN_64_TO_32_BIT_CONVERSION = YES;
				GCC_WARN_ABOUT_RETURN_TYPE = YES_ERROR;
				GCC_WARN_UNDECLARED_SELECTOR = YES;
				GCC_WARN_UNINITIALIZED_AUTOS = YES_AGGRESSIVE;
				GCC_WARN_UNUSED_FUNCTION = YES;
				GCC_WARN_UNUSED_VARIABLE = YES;
				IPHONEOS_DEPLOYMENT_TARGET = 12.1;
				MTL_ENABLE_DEBUG_INFO = INCLUDE_SOURCE;
				MTL_FAST_MATH = YES;
				ONLY_ACTIVE_ARCH = YES;
				SDKROOT = iphoneos;
			};
			name = Debug;
		};
		07D5C05521E721A3009EB1B1 /* Release */ = {
			isa = XCBuildConfiguration;
			buildSettings = {
				ALWAYS_SEARCH_USER_PATHS = NO;
				CLANG_ANALYZER_NONNULL = YES;
				CLANG_ANALYZER_NUMBER_OBJECT_CONVERSION = YES_AGGRESSIVE;
				CLANG_CXX_LANGUAGE_STANDARD = "gnu++14";
				CLANG_CXX_LIBRARY = "libc++";
				CLANG_ENABLE_MODULES = YES;
				CLANG_ENABLE_OBJC_ARC = YES;
				CLANG_ENABLE_OBJC_WEAK = YES;
				CLANG_WARN_BLOCK_CAPTURE_AUTORELEASING = YES;
				CLANG_WARN_BOOL_CONVERSION = YES;
				CLANG_WARN_COMMA = YES;
				CLANG_WARN_CONSTANT_CONVERSION = YES;
				CLANG_WARN_DEPRECATED_OBJC_IMPLEMENTATIONS = YES;
				CLANG_WARN_DIRECT_OBJC_ISA_USAGE = YES_ERROR;
				CLANG_WARN_DOCUMENTATION_COMMENTS = YES;
				CLANG_WARN_EMPTY_BODY = YES;
				CLANG_WARN_ENUM_CONVERSION = YES;
				CLANG_WARN_INFINITE_RECURSION = YES;
				CLANG_WARN_INT_CONVERSION = YES;
				CLANG_WARN_NON_LITERAL_NULL_CONVERSION = YES;
				CLANG_WARN_OBJC_IMPLICIT_RETAIN_SELF = YES;
				CLANG_WARN_OBJC_LITERAL_CONVERSION = YES;
				CLANG_WARN_OBJC_ROOT_CLASS = YES_ERROR;
				CLANG_WARN_RANGE_LOOP_ANALYSIS = YES;
				CLANG_WARN_STRICT_PROTOTYPES = YES;
				CLANG_WARN_SUSPICIOUS_MOVE = YES;
				CLANG_WARN_UNGUARDED_AVAILABILITY = YES_AGGRESSIVE;
				CLANG_WARN_UNREACHABLE_CODE = YES;
				CLANG_WARN__DUPLICATE_METHOD_MATCH = YES;
				CODE_SIGN_IDENTITY = "iPhone Developer";
				COPY_PHASE_STRIP = NO;
				DEBUG_INFORMATION_FORMAT = "dwarf-with-dsym";
				ENABLE_NS_ASSERTIONS = NO;
				ENABLE_STRICT_OBJC_MSGSEND = YES;
				GCC_C_LANGUAGE_STANDARD = gnu11;
				GCC_NO_COMMON_BLOCKS = YES;
				GCC_WARN_64_TO_32_BIT_CONVERSION = YES;
				GCC_WARN_ABOUT_RETURN_TYPE = YES_ERROR;
				GCC_WARN_UNDECLARED_SELECTOR = YES;
				GCC_WARN_UNINITIALIZED_AUTOS = YES_AGGRESSIVE;
				GCC_WARN_UNUSED_FUNCTION = YES;
				GCC_WARN_UNUSED_VARIABLE = YES;
				IPHONEOS_DEPLOYMENT_TARGET = 12.1;
				MTL_ENABLE_DEBUG_INFO = NO;
				MTL_FAST_MATH = YES;
				SDKROOT = iphoneos;
				VALIDATE_PRODUCT = YES;
			};
			name = Release;
		};
		07D5C05721E721A3009EB1B1 /* Debug */ = {
			isa = XCBuildConfiguration;
			buildSettings = {
				ASSETCATALOG_COMPILER_APPICON_NAME = AppIcon;
				CODE_SIGN_STYLE = Automatic;
				DEVELOPMENT_TEAM = QUMSF8EMJ8;
				INFOPLIST_FILE = gcdDemo/Info.plist;
				IPHONEOS_DEPLOYMENT_TARGET = 11.0;
				LD_RUNPATH_SEARCH_PATHS = (
					"$(inherited)",
					"@executable_path/Frameworks",
				);
				PRODUCT_BUNDLE_IDENTIFIER = com.ibiaoma.gcdDemo;
				PRODUCT_NAME = "$(TARGET_NAME)";
				TARGETED_DEVICE_FAMILY = "1,2";
			};
			name = Debug;
		};
		07D5C05821E721A3009EB1B1 /* Release */ = {
			isa = XCBuildConfiguration;
			buildSettings = {
				ASSETCATALOG_COMPILER_APPICON_NAME = AppIcon;
				CODE_SIGN_STYLE = Automatic;
				DEVELOPMENT_TEAM = QUMSF8EMJ8;
				INFOPLIST_FILE = gcdDemo/Info.plist;
				IPHONEOS_DEPLOYMENT_TARGET = 11.0;
				LD_RUNPATH_SEARCH_PATHS = (
					"$(inherited)",
					"@executable_path/Frameworks",
				);
				PRODUCT_BUNDLE_IDENTIFIER = com.ibiaoma.gcdDemo;
				PRODUCT_NAME = "$(TARGET_NAME)";
				TARGETED_DEVICE_FAMILY = "1,2";
			};
			name = Release;
		};
/* End XCBuildConfiguration section */

/* Begin XCConfigurationList section */
		07D5C03B21E721A2009EB1B1 /* Build configuration list for PBXProject "gcdDemo" */ = {
			isa = XCConfigurationList;
			buildConfigurations = (
				07D5C05421E721A3009EB1B1 /* Debug */,
				07D5C05521E721A3009EB1B1 /* Release */,
			);
			defaultConfigurationIsVisible = 0;
			defaultConfigurationName = Release;
		};
		07D5C05621E721A3009EB1B1 /* Build configuration list for PBXNativeTarget "gcdDemo" */ = {
			isa = XCConfigurationList;
			buildConfigurations = (
				07D5C05721E721A3009EB1B1 /* Debug */,
				07D5C05821E721A3009EB1B1 /* Release */,
			);
			defaultConfigurationIsVisible = 0;
			defaultConfigurationName = Release;
		};
/* End XCConfigurationList section */
	};
	rootObject = 07D5C03821E721A2009EB1B1 /* Project object */;
}
