// !$*UTF8*$!
{
	archiveVersion = 1;
	classes = {
	};
	objectVersion = 50;
	objects = {

/* Begin PBXBuildFile section */
		554894AB2394A1FD008524CC /* AppDelegate.m in Sources */ = {isa = PBXBuildFile; fileRef = 554894AA2394A1FD008524CC /* AppDelegate.m */; };
		554894AE2394A1FD008524CC /* SceneDelegate.m in Sources */ = {isa = PBXBuildFile; fileRef = 554894AD2394A1FD008524CC /* SceneDelegate.m */; };
		554894B12394A1FD008524CC /* ViewController.m in Sources */ = {isa = PBXBuildFile; fileRef = 554894B02394A1FD008524CC /* ViewController.m */; };
		554894B42394A1FD008524CC /* Main.storyboard in Resources */ = {isa = PBXBuildFile; fileRef = 554894B22394A1FD008524CC /* Main.storyboard */; };
		554894B62394A1FE008524CC /* Assets.xcassets in Resources */ = {isa = PBXBuildFile; fileRef = 554894B52394A1FE008524CC /* Assets.xcassets */; };
		554894B92394A1FE008524CC /* LaunchScreen.storyboard in Resources */ = {isa = PBXBuildFile; fileRef = 554894B72394A1FE008524CC /* LaunchScreen.storyboard */; };
		554894BC2394A1FE008524CC /* main.m in Sources */ = {isa = PBXBuildFile; fileRef = 554894BB2394A1FE008524CC /* main.m */; };
/* End PBXBuildFile section */

/* Begin PBXFileReference section */
		554894A62394A1FD008524CC /* RunLoopDemo.app */ = {isa = PBXFileReference; explicitFileType = wrapper.application; includeInIndex = 0; path = RunLoopDemo.app; sourceTree = BUILT_PRODUCTS_DIR; };
		554894A92394A1FD008524CC /* AppDelegate.h */ = {isa = PBXFileReference; lastKnownFileType = sourcecode.c.h; path = AppDelegate.h; sourceTree = "<group>"; };
		554894AA2394A1FD008524CC /* AppDelegate.m */ = {isa = PBXFileReference; lastKnownFileType = sourcecode.c.objc; path = AppDelegate.m; sourceTree = "<group>"; };
		554894AC2394A1FD008524CC /* SceneDelegate.h */ = {isa = PBXFileReference; lastKnownFileType = sourcecode.c.h; path = SceneDelegate.h; sourceTree = "<group>"; };
		554894AD2394A1FD008524CC /* SceneDelegate.m */ = {isa = PBXFileReference; lastKnownFileType = sourcecode.c.objc; path = SceneDelegate.m; sourceTree = "<group>"; };
		554894AF2394A1FD008524CC /* ViewController.h */ = {isa = PBXFileReference; lastKnownFileType = sourcecode.c.h; path = ViewController.h; sourceTree = "<group>"; };
		554894B02394A1FD008524CC /* ViewController.m */ = {isa = PBXFileReference; lastKnownFileType = sourcecode.c.objc; path = ViewController.m; sourceTree = "<group>"; };
		554894B32394A1FD008524CC /* Base */ = {isa = PBXFileReference; lastKnownFileType = file.storyboard; name = Base; path = Base.lproj/Main.storyboard; sourceTree = "<group>"; };
		554894B52394A1FE008524CC /* Assets.xcassets */ = {isa = PBXFileReference; lastKnownFileType = folder.assetcatalog; path = Assets.xcassets; sourceTree = "<group>"; };
		554894B82394A1FE008524CC /* Base */ = {isa = PBXFileReference; lastKnownFileType = file.storyboard; name = Base; path = Base.lproj/LaunchScreen.storyboard; sourceTree = "<group>"; };
		554894BA2394A1FE008524CC /* Info.plist */ = {isa = PBXFileReference; lastKnownFileType = text.plist.xml; path = Info.plist; sourceTree = "<group>"; };
		554894BB2394A1FE008524CC /* main.m */ = {isa = PBXFileReference; lastKnownFileType = sourcecode.c.objc; path = main.m; sourceTree = "<group>"; };
		554894C32394A23C008524CC /* CFURL.h */ = {isa = PBXFileReference; lastKnownFileType = sourcecode.c.h; path = CFURL.h; sourceTree = "<group>"; };
		554894C42394A23C008524CC /* CFUnicodePrecomposition.c */ = {isa = PBXFileReference; lastKnownFileType = sourcecode.c.c; path = CFUnicodePrecomposition.c; sourceTree = "<group>"; };
		554894C52394A23C008524CC /* CFBitVector.c */ = {isa = PBXFileReference; lastKnownFileType = sourcecode.c.c; path = CFBitVector.c; sourceTree = "<group>"; };
		554894C62394A23C008524CC /* CFBitVector.h */ = {isa = PBXFileReference; lastKnownFileType = sourcecode.c.h; path = CFBitVector.h; sourceTree = "<group>"; };
		554894C72394A23C008524CC /* CFBundle_InfoPlist.c */ = {isa = PBXFileReference; lastKnownFileType = sourcecode.c.c; path = CFBundle_InfoPlist.c; sourceTree = "<group>"; };
		554894C82394A23C008524CC /* CFStringEncodingConverterExt.h */ = {isa = PBXFileReference; lastKnownFileType = sourcecode.c.h; path = CFStringEncodingConverterExt.h; sourceTree = "<group>"; };
		554894C92394A23C008524CC /* CFMessagePort.c */ = {isa = PBXFileReference; lastKnownFileType = sourcecode.c.c; path = CFMessagePort.c; sourceTree = "<group>"; };
		554894CA2394A23C008524CC /* CFICULogging.h */ = {isa = PBXFileReference; lastKnownFileType = sourcecode.c.h; path = CFICULogging.h; sourceTree = "<group>"; };
		554894CB2394A23C008524CC /* CFURLAccess.h */ = {isa = PBXFileReference; lastKnownFileType = sourcecode.c.h; path = CFURLAccess.h; sourceTree = "<group>"; };
		554894CC2394A23C008524CC /* CFXMLTree.c */ = {isa = PBXFileReference; lastKnownFileType = sourcecode.c.c; path = CFXMLTree.c; sourceTree = "<group>"; };
		554894CD2394A23C008524CC /* CFStringScanner.c */ = {isa = PBXFileReference; lastKnownFileType = sourcecode.c.c; path = CFStringScanner.c; sourceTree = "<group>"; };
		554894CE2394A23C008524CC /* CoreFoundation.h */ = {isa = PBXFileReference; lastKnownFileType = sourcecode.c.h; path = CoreFoundation.h; sourceTree = "<group>"; };
		554894CF2394A23C008524CC /* CFBundle_Internal.h */ = {isa = PBXFileReference; lastKnownFileType = sourcecode.c.h; path = CFBundle_Internal.h; sourceTree = "<group>"; };
		554894D02394A23C008524CC /* CFBase.h */ = {isa = PBXFileReference; lastKnownFileType = sourcecode.c.h; path = CFBase.h; sourceTree = "<group>"; };
		554894D12394A23C008524CC /* CFURL.c */ = {isa = PBXFileReference; lastKnownFileType = sourcecode.c.c; path = CFURL.c; sourceTree = "<group>"; };
		554894D22394A23C008524CC /* CoreFoundation_Prefix.h */ = {isa = PBXFileReference; lastKnownFileType = sourcecode.c.h; path = CoreFoundation_Prefix.h; sourceTree = "<group>"; };
		554894D32394A23C008524CC /* CFError.c */ = {isa = PBXFileReference; lastKnownFileType = sourcecode.c.c; path = CFError.c; sourceTree = "<group>"; };
		554894D42394A23C008524CC /* CFCharacterSetPriv.h */ = {isa = PBXFileReference; lastKnownFileType = sourcecode.c.h; path = CFCharacterSetPriv.h; sourceTree = "<group>"; };
		554894D52394A23D008524CC /* CFNumberFormatter.h */ = {isa = PBXFileReference; lastKnownFileType = sourcecode.c.h; path = CFNumberFormatter.h; sourceTree = "<group>"; };
		554894D62394A23D008524CC /* CFSet.c */ = {isa = PBXFileReference; lastKnownFileType = sourcecode.c.c; path = CFSet.c; sourceTree = "<group>"; };
		554894D72394A23D008524CC /* CFLocale.c */ = {isa = PBXFileReference; lastKnownFileType = sourcecode.c.c; path = CFLocale.c; sourceTree = "<group>"; };
		554894D82394A23D008524CC /* CFError_Private.h */ = {isa = PBXFileReference; lastKnownFileType = sourcecode.c.h; path = CFError_Private.h; sourceTree = "<group>"; };
		554894D92394A23D008524CC /* CFPropertyList.h */ = {isa = PBXFileReference; lastKnownFileType = sourcecode.c.h; path = CFPropertyList.h; sourceTree = "<group>"; };
		554894DA2394A23D008524CC /* CFSortFunctions.c */ = {isa = PBXFileReference; lastKnownFileType = sourcecode.c.c; path = CFSortFunctions.c; sourceTree = "<group>"; };
		554894DB2394A23D008524CC /* CFAvailability.h */ = {isa = PBXFileReference; lastKnownFileType = sourcecode.c.h; path = CFAvailability.h; sourceTree = "<group>"; };
		554894DC2394A23D008524CC /* CFStorage.h */ = {isa = PBXFileReference; lastKnownFileType = sourcecode.c.h; path = CFStorage.h; sourceTree = "<group>"; };
		554894DD2394A23D008524CC /* CFPlugIn.c */ = {isa = PBXFileReference; lastKnownFileType = sourcecode.c.c; path = CFPlugIn.c; sourceTree = "<group>"; };
		554894DE2394A23D008524CC /* CFRuntime.h */ = {isa = PBXFileReference; lastKnownFileType = sourcecode.c.h; path = CFRuntime.h; sourceTree = "<group>"; };
		554894DF2394A23D008524CC /* CFArray.c */ = {isa = PBXFileReference; lastKnownFileType = sourcecode.c.c; path = CFArray.c; sourceTree = "<group>"; };
		554894E02394A23D008524CC /* CFTree.h */ = {isa = PBXFileReference; lastKnownFileType = sourcecode.c.h; path = CFTree.h; sourceTree = "<group>"; };
		554894E12394A23D008524CC /* CFUserNotification.c */ = {isa = PBXFileReference; lastKnownFileType = sourcecode.c.c; path = CFUserNotification.c; sourceTree = "<group>"; };
		554894E22394A23D008524CC /* CFXMLNode.h */ = {isa = PBXFileReference; lastKnownFileType = sourcecode.c.h; path = CFXMLNode.h; sourceTree = "<group>"; };
		554894E32394A23D008524CC /* CFStringUtilities.c */ = {isa = PBXFileReference; lastKnownFileType = sourcecode.c.c; path = CFStringUtilities.c; sourceTree = "<group>"; };
		554894E42394A23D008524CC /* CFInternal.h */ = {isa = PBXFileReference; lastKnownFileType = sourcecode.c.h; path = CFInternal.h; sourceTree = "<group>"; };
		554894E52394A23E008524CC /* CFURL.inc.h */ = {isa = PBXFileReference; lastKnownFileType = sourcecode.c.h; path = CFURL.inc.h; sourceTree = "<group>"; };
		554894E62394A23E008524CC /* CFURLPriv.h */ = {isa = PBXFileReference; lastKnownFileType = sourcecode.c.h; path = CFURLPriv.h; sourceTree = "<group>"; };
		554894E72394A23E008524CC /* CFICUConverters.h */ = {isa = PBXFileReference; lastKnownFileType = sourcecode.c.h; path = CFICUConverters.h; sourceTree = "<group>"; };
		554894E82394A23E008524CC /* CFConcreteStreams.c */ = {isa = PBXFileReference; lastKnownFileType = sourcecode.c.c; path = CFConcreteStreams.c; sourceTree = "<group>"; };
		554894E92394A23E008524CC /* CFBundle.h */ = {isa = PBXFileReference; lastKnownFileType = sourcecode.c.h; path = CFBundle.h; sourceTree = "<group>"; };
		554894EA2394A23E008524CC /* CFPlatformConverters.c */ = {isa = PBXFileReference; lastKnownFileType = sourcecode.c.c; path = CFPlatformConverters.c; sourceTree = "<group>"; };
		554894EB2394A23E008524CC /* CFBurstTrie.c */ = {isa = PBXFileReference; lastKnownFileType = sourcecode.c.c; path = CFBurstTrie.c; sourceTree = "<group>"; };
		554894EC2394A23E008524CC /* CFStream.h */ = {isa = PBXFileReference; lastKnownFileType = sourcecode.c.h; path = CFStream.h; sourceTree = "<group>"; };
		554894ED2394A23E008524CC /* CFUniChar.h */ = {isa = PBXFileReference; lastKnownFileType = sourcecode.c.h; path = CFUniChar.h; sourceTree = "<group>"; };
		554894EE2394A23E008524CC /* CFLocaleIdentifier.c */ = {isa = PBXFileReference; lastKnownFileType = sourcecode.c.c; path = CFLocaleIdentifier.c; sourceTree = "<group>"; };
		554894EF2394A23E008524CC /* CFUtilities.h */ = {isa = PBXFileReference; lastKnownFileType = sourcecode.c.h; path = CFUtilities.h; sourceTree = "<group>"; };
		554894F02394A23E008524CC /* CFXMLInputStream.h */ = {isa = PBXFileReference; lastKnownFileType = sourcecode.c.h; path = CFXMLInputStream.h; sourceTree = "<group>"; };
		554894F12394A23E008524CC /* Info.plist */ = {isa = PBXFileReference; lastKnownFileType = text.plist.xml; path = Info.plist; sourceTree = "<group>"; };
		554894F22394A23E008524CC /* CFSocket.c */ = {isa = PBXFileReference; lastKnownFileType = sourcecode.c.c; path = CFSocket.c; sourceTree = "<group>"; };
		554894F32394A23E008524CC /* CFError.h */ = {isa = PBXFileReference; lastKnownFileType = sourcecode.c.h; path = CFError.h; sourceTree = "<group>"; };
		554894F42394A23F008524CC /* CFStringEncodingDatabase.h */ = {isa = PBXFileReference; lastKnownFileType = sourcecode.c.h; path = CFStringEncodingDatabase.h; sourceTree = "<group>"; };
		554894F52394A23F008524CC /* CFRuntime.c */ = {isa = PBXFileReference; lastKnownFileType = sourcecode.c.c; path = CFRuntime.c; sourceTree = "<group>"; };
		554894F62394A23F008524CC /* CFUtilities.c */ = {isa = PBXFileReference; lastKnownFileType = sourcecode.c.c; path = CFUtilities.c; sourceTree = "<group>"; };
		554894F72394A23F008524CC /* CFPlatform.c */ = {isa = PBXFileReference; lastKnownFileType = sourcecode.c.c; path = CFPlatform.c; sourceTree = "<group>"; };
		554894F82394A23F008524CC /* CFUUID.h */ = {isa = PBXFileReference; lastKnownFileType = sourcecode.c.h; path = CFUUID.h; sourceTree = "<group>"; };
		554894F92394A23F008524CC /* TargetConditionals.h */ = {isa = PBXFileReference; lastKnownFileType = sourcecode.c.h; path = TargetConditionals.h; sourceTree = "<group>"; };
		554894FA2394A23F008524CC /* CFStringEncodings.c */ = {isa = PBXFileReference; lastKnownFileType = sourcecode.c.c; path = CFStringEncodings.c; sourceTree = "<group>"; };
		554894FB2394A23F008524CC /* CFTimeZone.c */ = {isa = PBXFileReference; lastKnownFileType = sourcecode.c.c; path = CFTimeZone.c; sourceTree = "<group>"; };
		554894FC2394A23F008524CC /* CFStorage.c */ = {isa = PBXFileReference; lastKnownFileType = sourcecode.c.c; path = CFStorage.c; sourceTree = "<group>"; };
		554894FD2394A23F008524CC /* CFCalendar.h */ = {isa = PBXFileReference; lastKnownFileType = sourcecode.c.h; path = CFCalendar.h; sourceTree = "<group>"; };
		554894FE2394A23F008524CC /* CFXMLInputStream.c */ = {isa = PBXFileReference; lastKnownFileType = sourcecode.c.c; path = CFXMLInputStream.c; sourceTree = "<group>"; };
		554894FF2394A23F008524CC /* CFStream.c */ = {isa = PBXFileReference; lastKnownFileType = sourcecode.c.c; path = CFStream.c; sourceTree = "<group>"; };
		554895002394A23F008524CC /* CFData.h */ = {isa = PBXFileReference; lastKnownFileType = sourcecode.c.h; path = CFData.h; sourceTree = "<group>"; };
		554895012394A23F008524CC /* CFData.c */ = {isa = PBXFileReference; lastKnownFileType = sourcecode.c.c; path = CFData.c; sourceTree = "<group>"; };
		554895022394A23F008524CC /* CFDateFormatter.h */ = {isa = PBXFileReference; lastKnownFileType = sourcecode.c.h; path = CFDateFormatter.h; sourceTree = "<group>"; };
		554895032394A240008524CC /* CFString.h */ = {isa = PBXFileReference; lastKnownFileType = sourcecode.c.h; path = CFString.h; sourceTree = "<group>"; };
		554895042394A240008524CC /* CFBundle.c */ = {isa = PBXFileReference; lastKnownFileType = sourcecode.c.c; path = CFBundle.c; sourceTree = "<group>"; };
		554895062394A240008524CC /* plconvert.c */ = {isa = PBXFileReference; lastKnownFileType = sourcecode.c.c; path = plconvert.c; sourceTree = "<group>"; };
		554895072394A240008524CC /* CFBase.c */ = {isa = PBXFileReference; lastKnownFileType = sourcecode.c.c; path = CFBase.c; sourceTree = "<group>"; };
		554895082394A240008524CC /* CFBasicHash.h */ = {isa = PBXFileReference; lastKnownFileType = sourcecode.c.h; path = CFBasicHash.h; sourceTree = "<group>"; };
		554895092394A240008524CC /* CFCalendar.c */ = {isa = PBXFileReference; lastKnownFileType = sourcecode.c.c; path = CFCalendar.c; sourceTree = "<group>"; };
		5548950A2394A240008524CC /* CFBag.h */ = {isa = PBXFileReference; lastKnownFileType = sourcecode.c.h; path = CFBag.h; sourceTree = "<group>"; };
		5548950B2394A240008524CC /* CFBundle_Locale.c */ = {isa = PBXFileReference; lastKnownFileType = sourcecode.c.c; path = CFBundle_Locale.c; sourceTree = "<group>"; };
		5548950C2394A240008524CC /* CFBuiltinConverters.c */ = {isa = PBXFileReference; lastKnownFileType = sourcecode.c.c; path = CFBuiltinConverters.c; sourceTree = "<group>"; };
		5548950D2394A240008524CC /* CFPlugIn_PlugIn.c */ = {isa = PBXFileReference; lastKnownFileType = sourcecode.c.c; path = CFPlugIn_PlugIn.c; sourceTree = "<group>"; };
		5548950E2394A240008524CC /* CFNumber.c */ = {isa = PBXFileReference; lastKnownFileType = sourcecode.c.c; path = CFNumber.c; sourceTree = "<group>"; };
		5548950F2394A240008524CC /* CFStringDefaultEncoding.h */ = {isa = PBXFileReference; lastKnownFileType = sourcecode.c.h; path = CFStringDefaultEncoding.h; sourceTree = "<group>"; };
		554895102394A240008524CC /* CFLocale.h */ = {isa = PBXFileReference; lastKnownFileType = sourcecode.c.h; path = CFLocale.h; sourceTree = "<group>"; };
		554895112394A240008524CC /* CFSystemDirectories.c */ = {isa = PBXFileReference; lastKnownFileType = sourcecode.c.c; path = CFSystemDirectories.c; sourceTree = "<group>"; };
		554895122394A240008524CC /* CFPreferences.c */ = {isa = PBXFileReference; lastKnownFileType = sourcecode.c.c; path = CFPreferences.c; sourceTree = "<group>"; };
		554895132394A240008524CC /* CFPlugIn_Factory.h */ = {isa = PBXFileReference; lastKnownFileType = sourcecode.c.h; path = CFPlugIn_Factory.h; sourceTree = "<group>"; };
		554895142394A241008524CC /* CFVersion.c */ = {isa = PBXFileReference; lastKnownFileType = sourcecode.c.c; path = CFVersion.c; sourceTree = "<group>"; };
		554895152394A241008524CC /* CFCharacterSet.h */ = {isa = PBXFileReference; lastKnownFileType = sourcecode.c.h; path = CFCharacterSet.h; sourceTree = "<group>"; };
		554895162394A241008524CC /* CFUniCharPriv.h */ = {isa = PBXFileReference; lastKnownFileType = sourcecode.c.h; path = CFUniCharPriv.h; sourceTree = "<group>"; };
		554895172394A241008524CC /* CFXMLParser.h */ = {isa = PBXFileReference; lastKnownFileType = sourcecode.c.h; path = CFXMLParser.h; sourceTree = "<group>"; };
		554895182394A241008524CC /* CFBundle_Grok.c */ = {isa = PBXFileReference; lastKnownFileType = sourcecode.c.c; path = CFBundle_Grok.c; sourceTree = "<group>"; };
		554895192394A241008524CC /* plconvert.c */ = {isa = PBXFileReference; lastKnownFileType = sourcecode.c.c; path = plconvert.c; sourceTree = "<group>"; };
		5548951A2394A241008524CC /* CFLogUtilities.h */ = {isa = PBXFileReference; lastKnownFileType = sourcecode.c.h; path = CFLogUtilities.h; sourceTree = "<group>"; };
		5548951B2394A241008524CC /* CFPreferences.h */ = {isa = PBXFileReference; lastKnownFileType = sourcecode.c.h; path = CFPreferences.h; sourceTree = "<group>"; };
		5548951C2394A241008524CC /* CFSet.h */ = {isa = PBXFileReference; lastKnownFileType = sourcecode.c.h; path = CFSet.h; sourceTree = "<group>"; };
		5548951D2394A241008524CC /* CFStreamPriv.h */ = {isa = PBXFileReference; lastKnownFileType = sourcecode.c.h; path = CFStreamPriv.h; sourceTree = "<group>"; };
		5548951E2394A241008524CC /* CFBinaryHeap.h */ = {isa = PBXFileReference; lastKnownFileType = sourcecode.c.h; path = CFBinaryHeap.h; sourceTree = "<group>"; };
		5548951F2394A241008524CC /* CFUUID.c */ = {isa = PBXFileReference; lastKnownFileType = sourcecode.c.c; path = CFUUID.c; sourceTree = "<group>"; };
		554895202394A241008524CC /* CFMessagePort.h */ = {isa = PBXFileReference; lastKnownFileType = sourcecode.c.h; path = CFMessagePort.h; sourceTree = "<group>"; };
		554895212394A241008524CC /* CFRunLoop.h */ = {isa = PBXFileReference; lastKnownFileType = sourcecode.c.h; path = CFRunLoop.h; sourceTree = "<group>"; };
		554895222394A241008524CC /* CFLocaleKeys.c */ = {isa = PBXFileReference; lastKnownFileType = sourcecode.c.c; path = CFLocaleKeys.c; sourceTree = "<group>"; };
		554895232394A242008524CC /* CFBurstTrie.h */ = {isa = PBXFileReference; lastKnownFileType = sourcecode.c.h; path = CFBurstTrie.h; sourceTree = "<group>"; };
		554895242394A242008524CC /* CFUnicodeDecomposition.h */ = {isa = PBXFileReference; lastKnownFileType = sourcecode.c.h; path = CFUnicodeDecomposition.h; sourceTree = "<group>"; };
		554895252394A242008524CC /* CFMachPort.h */ = {isa = PBXFileReference; lastKnownFileType = sourcecode.c.h; path = CFMachPort.h; sourceTree = "<group>"; };
		554895262394A242008524CC /* CFBundle_Strings.c */ = {isa = PBXFileReference; lastKnownFileType = sourcecode.c.c; path = CFBundle_Strings.c; sourceTree = "<group>"; };
		554895272394A242008524CC /* CFMachPort.c */ = {isa = PBXFileReference; lastKnownFileType = sourcecode.c.c; path = CFMachPort.c; sourceTree = "<group>"; };
		554895282394A242008524CC /* CFWindowsUtilities.c */ = {isa = PBXFileReference; lastKnownFileType = sourcecode.c.c; path = CFWindowsUtilities.c; sourceTree = "<group>"; };
		554895292394A242008524CC /* CFBundlePriv.h */ = {isa = PBXFileReference; lastKnownFileType = sourcecode.c.h; path = CFBundlePriv.h; sourceTree = "<group>"; };
		5548952A2394A242008524CC /* CFSocket.h */ = {isa = PBXFileReference; lastKnownFileType = sourcecode.c.h; path = CFSocket.h; sourceTree = "<group>"; };
		5548952B2394A242008524CC /* CFStreamAbstract.h */ = {isa = PBXFileReference; lastKnownFileType = sourcecode.c.h; path = CFStreamAbstract.h; sourceTree = "<group>"; };
		5548952C2394A242008524CC /* CFXMLNode.c */ = {isa = PBXFileReference; lastKnownFileType = sourcecode.c.c; path = CFXMLNode.c; sourceTree = "<group>"; };
		5548952D2394A242008524CC /* CFUnicodeDecomposition.c */ = {isa = PBXFileReference; lastKnownFileType = sourcecode.c.c; path = CFUnicodeDecomposition.c; sourceTree = "<group>"; };
		5548952E2394A242008524CC /* ForFoundationOnly.h */ = {isa = PBXFileReference; lastKnownFileType = sourcecode.c.h; path = ForFoundationOnly.h; sourceTree = "<group>"; };
		5548952F2394A242008524CC /* CFDictionary.c */ = {isa = PBXFileReference; lastKnownFileType = sourcecode.c.c; path = CFDictionary.c; sourceTree = "<group>"; };
		554895302394A242008524CC /* CFUserNotification.h */ = {isa = PBXFileReference; lastKnownFileType = sourcecode.c.h; path = CFUserNotification.h; sourceTree = "<group>"; };
		554895312394A243008524CC /* CFApplicationPreferences.c */ = {isa = PBXFileReference; lastKnownFileType = sourcecode.c.c; path = CFApplicationPreferences.c; sourceTree = "<group>"; };
		554895322394A243008524CC /* CFBag.c */ = {isa = PBXFileReference; lastKnownFileType = sourcecode.c.c; path = CFBag.c; sourceTree = "<group>"; };
		554895332394A243008524CC /* CFStringEncodingConverter.c */ = {isa = PBXFileReference; lastKnownFileType = sourcecode.c.c; path = CFStringEncodingConverter.c; sourceTree = "<group>"; };
		554895342394A243008524CC /* CFBundle_BinaryTypes.h */ = {isa = PBXFileReference; lastKnownFileType = sourcecode.c.h; path = CFBundle_BinaryTypes.h; sourceTree = "<group>"; };
		554895352394A243008524CC /* CFPriv.h */ = {isa = PBXFileReference; lastKnownFileType = sourcecode.c.h; path = CFPriv.h; sourceTree = "<group>"; };
		554895362394A243008524CC /* CFLocaleInternal.h */ = {isa = PBXFileReference; lastKnownFileType = sourcecode.c.h; path = CFLocaleInternal.h; sourceTree = "<group>"; };
		554895372394A243008524CC /* CFFileUtilities.c */ = {isa = PBXFileReference; lastKnownFileType = sourcecode.c.c; path = CFFileUtilities.c; sourceTree = "<group>"; };
		554895382394A243008524CC /* CFStringEncodingDatabase.c */ = {isa = PBXFileReference; lastKnownFileType = sourcecode.c.c; path = CFStringEncodingDatabase.c; sourceTree = "<group>"; };
		554895392394A243008524CC /* CFArray.h */ = {isa = PBXFileReference; lastKnownFileType = sourcecode.c.h; path = CFArray.h; sourceTree = "<group>"; };
		5548953A2394A243008524CC /* CFBundle_Resources.c */ = {isa = PBXFileReference; lastKnownFileType = sourcecode.c.c; path = CFBundle_Resources.c; sourceTree = "<group>"; };
		5548953B2394A243008524CC /* CFPlugInCOM.h */ = {isa = PBXFileReference; lastKnownFileType = sourcecode.c.h; path = CFPlugInCOM.h; sourceTree = "<group>"; };
		5548953C2394A243008524CC /* CFDictionary.h */ = {isa = PBXFileReference; lastKnownFileType = sourcecode.c.h; path = CFDictionary.h; sourceTree = "<group>"; };
		5548953D2394A243008524CC /* CFXMLPreferencesDomain.c */ = {isa = PBXFileReference; lastKnownFileType = sourcecode.c.c; path = CFXMLPreferencesDomain.c; sourceTree = "<group>"; };
		5548953E2394A243008524CC /* CFPlugIn_Instance.c */ = {isa = PBXFileReference; lastKnownFileType = sourcecode.c.c; path = CFPlugIn_Instance.c; sourceTree = "<group>"; };
		5548953F2394A243008524CC /* CFSocketStream.c */ = {isa = PBXFileReference; lastKnownFileType = sourcecode.c.c; path = CFSocketStream.c; sourceTree = "<group>"; };
		554895402394A244008524CC /* CFBasicHash.c */ = {isa = PBXFileReference; lastKnownFileType = sourcecode.c.c; path = CFBasicHash.c; sourceTree = "<group>"; };
		554895412394A244008524CC /* CFUniChar.c */ = {isa = PBXFileReference; lastKnownFileType = sourcecode.c.c; path = CFUniChar.c; sourceTree = "<group>"; };
		554895422394A244008524CC /* CFCharacterSet.c */ = {isa = PBXFileReference; lastKnownFileType = sourcecode.c.c; path = CFCharacterSet.c; sourceTree = "<group>"; };
		554895432394A244008524CC /* CFBinaryHeap.c */ = {isa = PBXFileReference; lastKnownFileType = sourcecode.c.c; path = CFBinaryHeap.c; sourceTree = "<group>"; };
		554895442394A244008524CC /* CFBinaryPList.c */ = {isa = PBXFileReference; lastKnownFileType = sourcecode.c.c; path = CFBinaryPList.c; sourceTree = "<group>"; };
		554895452394A244008524CC /* CFNumberFormatter.c */ = {isa = PBXFileReference; lastKnownFileType = sourcecode.c.c; path = CFNumberFormatter.c; sourceTree = "<group>"; };
		554895462394A244008524CC /* CFDate.c */ = {isa = PBXFileReference; lastKnownFileType = sourcecode.c.c; path = CFDate.c; sourceTree = "<group>"; };
		554895472394A244008524CC /* CFStringEncodingConverterPriv.h */ = {isa = PBXFileReference; lastKnownFileType = sourcecode.c.h; path = CFStringEncodingConverterPriv.h; sourceTree = "<group>"; };
		554895482394A244008524CC /* CFBigNumber.h */ = {isa = PBXFileReference; lastKnownFileType = sourcecode.c.h; path = CFBigNumber.h; sourceTree = "<group>"; };
		554895492394A244008524CC /* CFUnicodePrecomposition.h */ = {isa = PBXFileReference; lastKnownFileType = sourcecode.c.h; path = CFUnicodePrecomposition.h; sourceTree = "<group>"; };
		5548954A2394A244008524CC /* CFPlugIn_Factory.c */ = {isa = PBXFileReference; lastKnownFileType = sourcecode.c.c; path = CFPlugIn_Factory.c; sourceTree = "<group>"; };
		5548954B2394A244008524CC /* CFStreamInternal.h */ = {isa = PBXFileReference; lastKnownFileType = sourcecode.c.h; path = CFStreamInternal.h; sourceTree = "<group>"; };
		5548954C2394A244008524CC /* CFStringEncodingConverter.h */ = {isa = PBXFileReference; lastKnownFileType = sourcecode.c.h; path = CFStringEncodingConverter.h; sourceTree = "<group>"; };
		5548954D2394A244008524CC /* CFURLAccess.c */ = {isa = PBXFileReference; lastKnownFileType = sourcecode.c.c; path = CFURLAccess.c; sourceTree = "<group>"; };
		5548954E2394A244008524CC /* CFPlugIn.h */ = {isa = PBXFileReference; lastKnownFileType = sourcecode.c.h; path = CFPlugIn.h; sourceTree = "<group>"; };
		5548954F2394A244008524CC /* CFByteOrder.h */ = {isa = PBXFileReference; lastKnownFileType = sourcecode.c.h; path = CFByteOrder.h; sourceTree = "<group>"; };
		554895502394A245008524CC /* CFPropertyList.c */ = {isa = PBXFileReference; lastKnownFileType = sourcecode.c.c; path = CFPropertyList.c; sourceTree = "<group>"; };
		554895512394A245008524CC /* CFBasicHashFindBucket.m */ = {isa = PBXFileReference; lastKnownFileType = sourcecode.c.objc; path = CFBasicHashFindBucket.m; sourceTree = "<group>"; };
		554895522394A245008524CC /* CFRunLoop.c */ = {isa = PBXFileReference; lastKnownFileType = sourcecode.c.c; path = CFRunLoop.c; sourceTree = "<group>"; };
		554895532394A245008524CC /* CFNumber.h */ = {isa = PBXFileReference; lastKnownFileType = sourcecode.c.h; path = CFNumber.h; sourceTree = "<group>"; };
		554895542394A245008524CC /* CFXMLParser.c */ = {isa = PBXFileReference; lastKnownFileType = sourcecode.c.c; path = CFXMLParser.c; sourceTree = "<group>"; };
		554895552394A245008524CC /* CFICUConverters.c */ = {isa = PBXFileReference; lastKnownFileType = sourcecode.c.c; path = CFICUConverters.c; sourceTree = "<group>"; };
		554895562394A245008524CC /* CFBigNumber.c */ = {isa = PBXFileReference; lastKnownFileType = sourcecode.c.c; path = CFBigNumber.c; sourceTree = "<group>"; };
		554895572394A245008524CC /* CFDate.h */ = {isa = PBXFileReference; lastKnownFileType = sourcecode.c.h; path = CFDate.h; sourceTree = "<group>"; };
		554895582394A245008524CC /* CFOldStylePList.c */ = {isa = PBXFileReference; lastKnownFileType = sourcecode.c.c; path = CFOldStylePList.c; sourceTree = "<group>"; };
		554895592394A245008524CC /* CFTree.c */ = {isa = PBXFileReference; lastKnownFileType = sourcecode.c.c; path = CFTree.c; sourceTree = "<group>"; };
		5548955A2394A245008524CC /* CFBundle_Binary.c */ = {isa = PBXFileReference; lastKnownFileType = sourcecode.c.c; path = CFBundle_Binary.c; sourceTree = "<group>"; };
		5548955B2394A245008524CC /* CFDateFormatter.c */ = {isa = PBXFileReference; lastKnownFileType = sourcecode.c.c; path = CFDateFormatter.c; sourceTree = "<group>"; };
		5548955C2394A245008524CC /* CFString.c */ = {isa = PBXFileReference; lastKnownFileType = sourcecode.c.c; path = CFString.c; sourceTree = "<group>"; };
		5548955D2394A245008524CC /* CFStringEncodingExt.h */ = {isa = PBXFileReference; lastKnownFileType = sourcecode.c.h; path = CFStringEncodingExt.h; sourceTree = "<group>"; };
		5548955E2394A245008524CC /* CFTimeZone.h */ = {isa = PBXFileReference; lastKnownFileType = sourcecode.c.h; path = CFTimeZone.h; sourceTree = "<group>"; };
/* End PBXFileReference section */

/* Begin PBXFrameworksBuildPhase section */
		554894A32394A1FD008524CC /* Frameworks */ = {
			isa = PBXFrameworksBuildPhase;
			buildActionMask = 2147483647;
			files = (
			);
			runOnlyForDeploymentPostprocessing = 0;
		};
/* End PBXFrameworksBuildPhase section */

/* Begin PBXGroup section */
		5548949D2394A1FD008524CC = {
			isa = PBXGroup;
			children = (
				554894A82394A1FD008524CC /* RunLoopDemo */,
				554894A72394A1FD008524CC /* Products */,
			);
			sourceTree = "<group>";
		};
		554894A72394A1FD008524CC /* Products */ = {
			isa = PBXGroup;
			children = (
				554894A62394A1FD008524CC /* RunLoopDemo.app */,
			);
			name = Products;
			sourceTree = "<group>";
		};
		554894A82394A1FD008524CC /* RunLoopDemo */ = {
			isa = PBXGroup;
			children = (
				554894C22394A221008524CC /* CF-1153.18 */,
				554894A92394A1FD008524CC /* AppDelegate.h */,
				554894AA2394A1FD008524CC /* AppDelegate.m */,
				554894AC2394A1FD008524CC /* SceneDelegate.h */,
				554894AD2394A1FD008524CC /* SceneDelegate.m */,
				554894AF2394A1FD008524CC /* ViewController.h */,
				554894B02394A1FD008524CC /* ViewController.m */,
				554894B22394A1FD008524CC /* Main.storyboard */,
				554894B52394A1FE008524CC /* Assets.xcassets */,
				554894B72394A1FE008524CC /* LaunchScreen.storyboard */,
				554894BA2394A1FE008524CC /* Info.plist */,
				554894BB2394A1FE008524CC /* main.m */,
			);
			path = RunLoopDemo;
			sourceTree = "<group>";
		};
		554894C22394A221008524CC /* CF-1153.18 */ = {
			isa = PBXGroup;
			children = (
				554895312394A243008524CC /* CFApplicationPreferences.c */,
				554894DF2394A23D008524CC /* CFArray.c */,
				554895392394A243008524CC /* CFArray.h */,
				554894DB2394A23D008524CC /* CFAvailability.h */,
				554895322394A243008524CC /* CFBag.c */,
				5548950A2394A240008524CC /* CFBag.h */,
				554895072394A240008524CC /* CFBase.c */,
				554894D02394A23C008524CC /* CFBase.h */,
				554895402394A244008524CC /* CFBasicHash.c */,
				554895082394A240008524CC /* CFBasicHash.h */,
				554895512394A245008524CC /* CFBasicHashFindBucket.m */,
				554895562394A245008524CC /* CFBigNumber.c */,
				554895482394A244008524CC /* CFBigNumber.h */,
				554895432394A244008524CC /* CFBinaryHeap.c */,
				5548951E2394A241008524CC /* CFBinaryHeap.h */,
				554895442394A244008524CC /* CFBinaryPList.c */,
				554894C52394A23C008524CC /* CFBitVector.c */,
				554894C62394A23C008524CC /* CFBitVector.h */,
				5548950C2394A240008524CC /* CFBuiltinConverters.c */,
				5548955A2394A245008524CC /* CFBundle_Binary.c */,
				554895342394A243008524CC /* CFBundle_BinaryTypes.h */,
				554895182394A241008524CC /* CFBundle_Grok.c */,
				554894C72394A23C008524CC /* CFBundle_InfoPlist.c */,
				554894CF2394A23C008524CC /* CFBundle_Internal.h */,
				5548950B2394A240008524CC /* CFBundle_Locale.c */,
				5548953A2394A243008524CC /* CFBundle_Resources.c */,
				554895262394A242008524CC /* CFBundle_Strings.c */,
				554895042394A240008524CC /* CFBundle.c */,
				554894E92394A23E008524CC /* CFBundle.h */,
				554895292394A242008524CC /* CFBundlePriv.h */,
				554894EB2394A23E008524CC /* CFBurstTrie.c */,
				554895232394A242008524CC /* CFBurstTrie.h */,
				5548954F2394A244008524CC /* CFByteOrder.h */,
				554895092394A240008524CC /* CFCalendar.c */,
				554894FD2394A23F008524CC /* CFCalendar.h */,
				554895422394A244008524CC /* CFCharacterSet.c */,
				554895152394A241008524CC /* CFCharacterSet.h */,
				554894D42394A23C008524CC /* CFCharacterSetPriv.h */,
				554894E82394A23E008524CC /* CFConcreteStreams.c */,
				554895012394A23F008524CC /* CFData.c */,
				554895002394A23F008524CC /* CFData.h */,
				554895462394A244008524CC /* CFDate.c */,
				554895572394A245008524CC /* CFDate.h */,
				5548955B2394A245008524CC /* CFDateFormatter.c */,
				554895022394A23F008524CC /* CFDateFormatter.h */,
				5548952F2394A242008524CC /* CFDictionary.c */,
				5548953C2394A243008524CC /* CFDictionary.h */,
				554894D82394A23D008524CC /* CFError_Private.h */,
				554894D32394A23C008524CC /* CFError.c */,
				554894F32394A23E008524CC /* CFError.h */,
				554895372394A243008524CC /* CFFileUtilities.c */,
				554895552394A245008524CC /* CFICUConverters.c */,
				554894E72394A23E008524CC /* CFICUConverters.h */,
				554894CA2394A23C008524CC /* CFICULogging.h */,
				554894E42394A23D008524CC /* CFInternal.h */,
				554894D72394A23D008524CC /* CFLocale.c */,
				554895102394A240008524CC /* CFLocale.h */,
				554894EE2394A23E008524CC /* CFLocaleIdentifier.c */,
				554895362394A243008524CC /* CFLocaleInternal.h */,
				554895222394A241008524CC /* CFLocaleKeys.c */,
				5548951A2394A241008524CC /* CFLogUtilities.h */,
				554895272394A242008524CC /* CFMachPort.c */,
				554895252394A242008524CC /* CFMachPort.h */,
				554894C92394A23C008524CC /* CFMessagePort.c */,
				554895202394A241008524CC /* CFMessagePort.h */,
				5548950E2394A240008524CC /* CFNumber.c */,
				554895532394A245008524CC /* CFNumber.h */,
				554895452394A244008524CC /* CFNumberFormatter.c */,
				554894D52394A23D008524CC /* CFNumberFormatter.h */,
				554895582394A245008524CC /* CFOldStylePList.c */,
				554894F72394A23F008524CC /* CFPlatform.c */,
				554894EA2394A23E008524CC /* CFPlatformConverters.c */,
				5548954A2394A244008524CC /* CFPlugIn_Factory.c */,
				554895132394A240008524CC /* CFPlugIn_Factory.h */,
				5548953E2394A243008524CC /* CFPlugIn_Instance.c */,
				5548950D2394A240008524CC /* CFPlugIn_PlugIn.c */,
				554894DD2394A23D008524CC /* CFPlugIn.c */,
				5548954E2394A244008524CC /* CFPlugIn.h */,
				5548953B2394A243008524CC /* CFPlugInCOM.h */,
				554895122394A240008524CC /* CFPreferences.c */,
				5548951B2394A241008524CC /* CFPreferences.h */,
				554895352394A243008524CC /* CFPriv.h */,
				554895502394A245008524CC /* CFPropertyList.c */,
				554894D92394A23D008524CC /* CFPropertyList.h */,
				554895522394A245008524CC /* CFRunLoop.c */,
				554895212394A241008524CC /* CFRunLoop.h */,
				554894F52394A23F008524CC /* CFRuntime.c */,
				554894DE2394A23D008524CC /* CFRuntime.h */,
				554894D62394A23D008524CC /* CFSet.c */,
				5548951C2394A241008524CC /* CFSet.h */,
				554894F22394A23E008524CC /* CFSocket.c */,
				5548952A2394A242008524CC /* CFSocket.h */,
				5548953F2394A243008524CC /* CFSocketStream.c */,
				554894DA2394A23D008524CC /* CFSortFunctions.c */,
				554894FC2394A23F008524CC /* CFStorage.c */,
				554894DC2394A23D008524CC /* CFStorage.h */,
				554894FF2394A23F008524CC /* CFStream.c */,
				554894EC2394A23E008524CC /* CFStream.h */,
				5548952B2394A242008524CC /* CFStreamAbstract.h */,
				5548954B2394A244008524CC /* CFStreamInternal.h */,
				5548951D2394A241008524CC /* CFStreamPriv.h */,
				5548955C2394A245008524CC /* CFString.c */,
				554895032394A240008524CC /* CFString.h */,
				5548950F2394A240008524CC /* CFStringDefaultEncoding.h */,
				554895332394A243008524CC /* CFStringEncodingConverter.c */,
				5548954C2394A244008524CC /* CFStringEncodingConverter.h */,
				554894C82394A23C008524CC /* CFStringEncodingConverterExt.h */,
				554895472394A244008524CC /* CFStringEncodingConverterPriv.h */,
				554895382394A243008524CC /* CFStringEncodingDatabase.c */,
				554894F42394A23F008524CC /* CFStringEncodingDatabase.h */,
				5548955D2394A245008524CC /* CFStringEncodingExt.h */,
				554894FA2394A23F008524CC /* CFStringEncodings.c */,
				554894CD2394A23C008524CC /* CFStringScanner.c */,
				554894E32394A23D008524CC /* CFStringUtilities.c */,
				554895112394A240008524CC /* CFSystemDirectories.c */,
				554894FB2394A23F008524CC /* CFTimeZone.c */,
				5548955E2394A245008524CC /* CFTimeZone.h */,
				554895592394A245008524CC /* CFTree.c */,
				554894E02394A23D008524CC /* CFTree.h */,
				554895412394A244008524CC /* CFUniChar.c */,
				554894ED2394A23E008524CC /* CFUniChar.h */,
				554895162394A241008524CC /* CFUniCharPriv.h */,
				5548952D2394A242008524CC /* CFUnicodeDecomposition.c */,
				554895242394A242008524CC /* CFUnicodeDecomposition.h */,
				554894C42394A23C008524CC /* CFUnicodePrecomposition.c */,
				554895492394A244008524CC /* CFUnicodePrecomposition.h */,
				554894D12394A23C008524CC /* CFURL.c */,
				554894C32394A23C008524CC /* CFURL.h */,
				554894E52394A23E008524CC /* CFURL.inc.h */,
				5548954D2394A244008524CC /* CFURLAccess.c */,
				554894CB2394A23C008524CC /* CFURLAccess.h */,
				554894E62394A23E008524CC /* CFURLPriv.h */,
				554894E12394A23D008524CC /* CFUserNotification.c */,
				554895302394A242008524CC /* CFUserNotification.h */,
				554894F62394A23F008524CC /* CFUtilities.c */,
				554894EF2394A23E008524CC /* CFUtilities.h */,
				5548951F2394A241008524CC /* CFUUID.c */,
				554894F82394A23F008524CC /* CFUUID.h */,
				554895142394A241008524CC /* CFVersion.c */,
				554895282394A242008524CC /* CFWindowsUtilities.c */,
				554894FE2394A23F008524CC /* CFXMLInputStream.c */,
				554894F02394A23E008524CC /* CFXMLInputStream.h */,
				5548952C2394A242008524CC /* CFXMLNode.c */,
				554894E22394A23D008524CC /* CFXMLNode.h */,
				554895542394A245008524CC /* CFXMLParser.c */,
				554895172394A241008524CC /* CFXMLParser.h */,
				5548953D2394A243008524CC /* CFXMLPreferencesDomain.c */,
				554894CC2394A23C008524CC /* CFXMLTree.c */,
				554894D22394A23C008524CC /* CoreFoundation_Prefix.h */,
				554894CE2394A23C008524CC /* CoreFoundation.h */,
				554895052394A240008524CC /* Examples */,
				5548952E2394A242008524CC /* ForFoundationOnly.h */,
				554894F12394A23E008524CC /* Info.plist */,
				554895192394A241008524CC /* plconvert.c */,
				554894F92394A23F008524CC /* TargetConditionals.h */,
			);
			path = "CF-1153.18";
			sourceTree = "<group>";
		};
		554895052394A240008524CC /* Examples */ = {
			isa = PBXGroup;
			children = (
				554895062394A240008524CC /* plconvert.c */,
			);
			path = Examples;
			sourceTree = "<group>";
		};
/* End PBXGroup section */

/* Begin PBXNativeTarget section */
		554894A52394A1FD008524CC /* RunLoopDemo */ = {
			isa = PBXNativeTarget;
			buildConfigurationList = 554894BF2394A1FE008524CC /* Build configuration list for PBXNativeTarget "RunLoopDemo" */;
			buildPhases = (
				554894A22394A1FD008524CC /* Sources */,
				554894A32394A1FD008524CC /* Frameworks */,
				554894A42394A1FD008524CC /* Resources */,
			);
			buildRules = (
			);
			dependencies = (
			);
			name = RunLoopDemo;
			productName = RunLoopDemo;
			productReference = 554894A62394A1FD008524CC /* RunLoopDemo.app */;
			productType = "com.apple.product-type.application";
		};
/* End PBXNativeTarget section */

/* Begin PBXProject section */
		5548949E2394A1FD008524CC /* Project object */ = {
			isa = PBXProject;
			attributes = {
				LastUpgradeCheck = 1120;
				ORGANIZATIONNAME = ibiaoma;
				TargetAttributes = {
					554894A52394A1FD008524CC = {
						CreatedOnToolsVersion = 11.2.1;
					};
				};
			};
			buildConfigurationList = 554894A12394A1FD008524CC /* Build configuration list for PBXProject "RunLoopDemo" */;
			compatibilityVersion = "Xcode 9.3";
			developmentRegion = en;
			hasScannedForEncodings = 0;
			knownRegions = (
				en,
				Base,
			);
			mainGroup = 5548949D2394A1FD008524CC;
			productRefGroup = 554894A72394A1FD008524CC /* Products */;
			projectDirPath = "";
			projectRoot = "";
			targets = (
				554894A52394A1FD008524CC /* RunLoopDemo */,
			);
		};
/* End PBXProject section */

/* Begin PBXResourcesBuildPhase section */
		554894A42394A1FD008524CC /* Resources */ = {
			isa = PBXResourcesBuildPhase;
			buildActionMask = 2147483647;
			files = (
				554894B92394A1FE008524CC /* LaunchScreen.storyboard in Resources */,
				554894B62394A1FE008524CC /* Assets.xcassets in Resources */,
				554894B42394A1FD008524CC /* Main.storyboard in Resources */,
			);
			runOnlyForDeploymentPostprocessing = 0;
		};
/* End PBXResourcesBuildPhase section */

/* Begin PBXSourcesBuildPhase section */
		554894A22394A1FD008524CC /* Sources */ = {
			isa = PBXSourcesBuildPhase;
			buildActionMask = 2147483647;
			files = (
				554894B12394A1FD008524CC /* ViewController.m in Sources */,
				554894AB2394A1FD008524CC /* AppDelegate.m in Sources */,
				554894BC2394A1FE008524CC /* main.m in Sources */,
				554894AE2394A1FD008524CC /* SceneDelegate.m in Sources */,
			);
			runOnlyForDeploymentPostprocessing = 0;
		};
/* End PBXSourcesBuildPhase section */

/* Begin PBXVariantGroup section */
		554894B22394A1FD008524CC /* Main.storyboard */ = {
			isa = PBXVariantGroup;
			children = (
				554894B32394A1FD008524CC /* Base */,
			);
			name = Main.storyboard;
			sourceTree = "<group>";
		};
		554894B72394A1FE008524CC /* LaunchScreen.storyboard */ = {
			isa = PBXVariantGroup;
			children = (
				554894B82394A1FE008524CC /* Base */,
			);
			name = LaunchScreen.storyboard;
			sourceTree = "<group>";
		};
/* End PBXVariantGroup section */

/* Begin XCBuildConfiguration section */
		554894BD2394A1FE008524CC /* Debug */ = {
			isa = XCBuildConfiguration;
			buildSettings = {
				ALWAYS_SEARCH_USER_PATHS = NO;
				CLANG_ANALYZER_NONNULL = YES;
				CLANG_ANALYZER_NUMBER_OBJECT_CONVERSION = YES_AGGRESSIVE;
				CLANG_CXX_LANGUAGE_STANDARD = "gnu++14";
				CLANG_CXX_LIBRARY = "libc++";
				CLANG_ENABLE_MODULES = YES;
				CLANG_ENABLE_OBJC_ARC = YES;
				CLANG_ENABLE_OBJC_WEAK = YES;
				CLANG_WARN_BLOCK_CAPTURE_AUTORELEASING = YES;
				CLANG_WARN_BOOL_CONVERSION = YES;
				CLANG_WARN_COMMA = YES;
				CLANG_WARN_CONSTANT_CONVERSION = YES;
				CLANG_WARN_DEPRECATED_OBJC_IMPLEMENTATIONS = YES;
				CLANG_WARN_DIRECT_OBJC_ISA_USAGE = YES_ERROR;
				CLANG_WARN_DOCUMENTATION_COMMENTS = YES;
				CLANG_WARN_EMPTY_BODY = YES;
				CLANG_WARN_ENUM_CONVERSION = YES;
				CLANG_WARN_INFINITE_RECURSION = YES;
				CLANG_WARN_INT_CONVERSION = YES;
				CLANG_WARN_NON_LITERAL_NULL_CONVERSION = YES;
				CLANG_WARN_OBJC_IMPLICIT_RETAIN_SELF = YES;
				CLANG_WARN_OBJC_LITERAL_CONVERSION = YES;
				CLANG_WARN_OBJC_ROOT_CLASS = YES_ERROR;
				CLANG_WARN_RANGE_LOOP_ANALYSIS = YES;
				CLANG_WARN_STRICT_PROTOTYPES = YES;
				CLANG_WARN_SUSPICIOUS_MOVE = YES;
				CLANG_WARN_UNGUARDED_AVAILABILITY = YES_AGGRESSIVE;
				CLANG_WARN_UNREACHABLE_CODE = YES;
				CLANG_WARN__DUPLICATE_METHOD_MATCH = YES;
				COPY_PHASE_STRIP = NO;
				DEBUG_INFORMATION_FORMAT = dwarf;
				ENABLE_STRICT_OBJC_MSGSEND = YES;
				ENABLE_TESTABILITY = YES;
				GCC_C_LANGUAGE_STANDARD = gnu11;
				GCC_DYNAMIC_NO_PIC = NO;
				GCC_NO_COMMON_BLOCKS = YES;
				GCC_OPTIMIZATION_LEVEL = 0;
				GCC_PREPROCESSOR_DEFINITIONS = (
					"DEBUG=1",
					"$(inherited)",
				);
				GCC_WARN_64_TO_32_BIT_CONVERSION = YES;
				GCC_WARN_ABOUT_RETURN_TYPE = YES_ERROR;
				GCC_WARN_UNDECLARED_SELECTOR = YES;
				GCC_WARN_UNINITIALIZED_AUTOS = YES_AGGRESSIVE;
				GCC_WARN_UNUSED_FUNCTION = YES;
				GCC_WARN_UNUSED_VARIABLE = YES;
				IPHONEOS_DEPLOYMENT_TARGET = 13.2;
				MTL_ENABLE_DEBUG_INFO = INCLUDE_SOURCE;
				MTL_FAST_MATH = YES;
				ONLY_ACTIVE_ARCH = YES;
				SDKROOT = iphoneos;
			};
			name = Debug;
		};
		554894BE2394A1FE008524CC /* Release */ = {
			isa = XCBuildConfiguration;
			buildSettings = {
				ALWAYS_SEARCH_USER_PATHS = NO;
				CLANG_ANALYZER_NONNULL = YES;
				CLANG_ANALYZER_NUMBER_OBJECT_CONVERSION = YES_AGGRESSIVE;
				CLANG_CXX_LANGUAGE_STANDARD = "gnu++14";
				CLANG_CXX_LIBRARY = "libc++";
				CLANG_ENABLE_MODULES = YES;
				CLANG_ENABLE_OBJC_ARC = YES;
				CLANG_ENABLE_OBJC_WEAK = YES;
				CLANG_WARN_BLOCK_CAPTURE_AUTORELEASING = YES;
				CLANG_WARN_BOOL_CONVERSION = YES;
				CLANG_WARN_COMMA = YES;
				CLANG_WARN_CONSTANT_CONVERSION = YES;
				CLANG_WARN_DEPRECATED_OBJC_IMPLEMENTATIONS = YES;
				CLANG_WARN_DIRECT_OBJC_ISA_USAGE = YES_ERROR;
				CLANG_WARN_DOCUMENTATION_COMMENTS = YES;
				CLANG_WARN_EMPTY_BODY = YES;
				CLANG_WARN_ENUM_CONVERSION = YES;
				CLANG_WARN_INFINITE_RECURSION = YES;
				CLANG_WARN_INT_CONVERSION = YES;
				CLANG_WARN_NON_LITERAL_NULL_CONVERSION = YES;
				CLANG_WARN_OBJC_IMPLICIT_RETAIN_SELF = YES;
				CLANG_WARN_OBJC_LITERAL_CONVERSION = YES;
				CLANG_WARN_OBJC_ROOT_CLASS = YES_ERROR;
				CLANG_WARN_RANGE_LOOP_ANALYSIS = YES;
				CLANG_WARN_STRICT_PROTOTYPES = YES;
				CLANG_WARN_SUSPICIOUS_MOVE = YES;
				CLANG_WARN_UNGUARDED_AVAILABILITY = YES_AGGRESSIVE;
				CLANG_WARN_UNREACHABLE_CODE = YES;
				CLANG_WARN__DUPLICATE_METHOD_MATCH = YES;
				COPY_PHASE_STRIP = NO;
				DEBUG_INFORMATION_FORMAT = "dwarf-with-dsym";
				ENABLE_NS_ASSERTIONS = NO;
				ENABLE_STRICT_OBJC_MSGSEND = YES;
				GCC_C_LANGUAGE_STANDARD = gnu11;
				GCC_NO_COMMON_BLOCKS = YES;
				GCC_WARN_64_TO_32_BIT_CONVERSION = YES;
				GCC_WARN_ABOUT_RETURN_TYPE = YES_ERROR;
				GCC_WARN_UNDECLARED_SELECTOR = YES;
				GCC_WARN_UNINITIALIZED_AUTOS = YES_AGGRESSIVE;
				GCC_WARN_UNUSED_FUNCTION = YES;
				GCC_WARN_UNUSED_VARIABLE = YES;
				IPHONEOS_DEPLOYMENT_TARGET = 13.2;
				MTL_ENABLE_DEBUG_INFO = NO;
				MTL_FAST_MATH = YES;
				SDKROOT = iphoneos;
				VALIDATE_PRODUCT = YES;
			};
			name = Release;
		};
		554894C02394A1FE008524CC /* Debug */ = {
			isa = XCBuildConfiguration;
			buildSettings = {
				ASSETCATALOG_COMPILER_APPICON_NAME = AppIcon;
				CODE_SIGN_STYLE = Automatic;
				DEVELOPMENT_TEAM = QUMSF8EMJ8;
				INFOPLIST_FILE = RunLoopDemo/Info.plist;
				IPHONEOS_DEPLOYMENT_TARGET = 11.0;
				LD_RUNPATH_SEARCH_PATHS = (
					"$(inherited)",
					"@executable_path/Frameworks",
				);
				PRODUCT_BUNDLE_IDENTIFIER = com.ibiaoma.RunLoopDemo;
				PRODUCT_NAME = "$(TARGET_NAME)";
				TARGETED_DEVICE_FAMILY = "1,2";
			};
			name = Debug;
		};
		554894C12394A1FE008524CC /* Release */ = {
			isa = XCBuildConfiguration;
			buildSettings = {
				ASSETCATALOG_COMPILER_APPICON_NAME = AppIcon;
				CODE_SIGN_STYLE = Automatic;
				DEVELOPMENT_TEAM = QUMSF8EMJ8;
				INFOPLIST_FILE = RunLoopDemo/Info.plist;
				IPHONEOS_DEPLOYMENT_TARGET = 11.0;
				LD_RUNPATH_SEARCH_PATHS = (
					"$(inherited)",
					"@executable_path/Frameworks",
				);
				PRODUCT_BUNDLE_IDENTIFIER = com.ibiaoma.RunLoopDemo;
				PRODUCT_NAME = "$(TARGET_NAME)";
				TARGETED_DEVICE_FAMILY = "1,2";
			};
			name = Release;
		};
/* End XCBuildConfiguration section */

/* Begin XCConfigurationList section */
		554894A12394A1FD008524CC /* Build configuration list for PBXProject "RunLoopDemo" */ = {
			isa = XCConfigurationList;
			buildConfigurations = (
				554894BD2394A1FE008524CC /* Debug */,
				554894BE2394A1FE008524CC /* Release */,
			);
			defaultConfigurationIsVisible = 0;
			defaultConfigurationName = Release;
		};
		554894BF2394A1FE008524CC /* Build configuration list for PBXNativeTarget "RunLoopDemo" */ = {
			isa = XCConfigurationList;
			buildConfigurations = (
				554894C02394A1FE008524CC /* Debug */,
				554894C12394A1FE008524CC /* Release */,
			);
			defaultConfigurationIsVisible = 0;
			defaultConfigurationName = Release;
		};
/* End XCConfigurationList section */
	};
	rootObject = 5548949E2394A1FD008524CC /* Project object */;
}
